
Microsoft Visual Studio Solution File, Format Version 12.00
# Visual Studio Version 16
VisualStudioVersion = 16.0.29306.81
MinimumVisualStudioVersion = 10.0.40219.1
Project("{9A19103F-16F7-4668-BE54-9A1E7A4F7556}") = "Algorithms", "Algorithms.csproj", "{CFC2A600-98B4-4EE1-BF48-E2F4900ECDA7}"
EndProject
Global
	GlobalSection(SolutionConfigurationPlatforms) = preSolution
		Debug|Any CPU = Debug|Any CPU
		Release|Any CPU = Release|Any CPU
	EndGlobalSection
	GlobalSection(ProjectConfigurationPlatforms) = postSolution
		{CFC2A600-98B4-4EE1-BF48-E2F4900ECDA7}.Debug|Any CPU.ActiveCfg = Debug|Any CPU
		{CFC2A600-98B4-4EE1-BF48-E2F4900ECDA7}.Debug|Any CPU.Build.0 = Debug|Any CPU
		{CFC2A600-98B4-4EE1-BF48-E2F4900ECDA7}.Release|Any CPU.ActiveCfg = Release|Any CPU
		{CFC2A600-98B4-4EE1-BF48-E2F4900ECDA7}.Release|Any CPU.Build.0 = Release|Any CPU
	EndGlobalSection
	GlobalSection(SolutionProperties) = preSolution
		HideSolutionNode = FALSE
	EndGlobalSection
	GlobalSection(ExtensibilityGlobals) = postSolution
		SolutionGuid = {3B4ED9C2-8F2A-4D37-A682-64AB5AE6416A}
	EndGlobalSection
EndGlobal
